github.com/buglloc/usbhid v0.9.2 h1:gKkoPsCSEEEhpUkxdzLhFxQluInvo/uRvhR0diWykuI=
github.com/buglloc/usbhid v0.9.2/go.mod h1:OQPhQ1UikV9Wf17mJHw5diyGcuaUIXzobyKXVImkyDE=
github.com/ebitengine/purego v0.8.2 h1:jPPGWs2sZ1UgOSgD2bClL0MJIqu58nOmIcBuXr62z1I=
github.com/ebitengine/purego v0.8.2/go.mod h1:iIjxzd6CiRiOG0UyXP+V1+jWqUXVjPKLAI0mRfJZTmQ=
